Microsoft Visual Studio Solution File, Format Version 12.00
# Visual Studio Version 16
VisualStudioVersion = 16.0.29911.84
MinimumVisualStudioVersion = 10.0.40219.1
Project("{FAE04EC0-301F-11D3-BF4B-00C04F79EFBC}") = "LayoutManager", "LayoutManager\LayoutManager.csproj", "{1047B731-B364-4BED-BBEA-0D9B19B24BE1}"
EndProject
Global
	GlobalSection(SolutionConfigurationPlatforms) = preSolution
		Debug|Any CPU = Debug|Any CPU
		Release|Any CPU = Release|Any CPU
	EndGlobalSection
	GlobalSection(ProjectConfigurationPlatforms) = postSolution
		{1047B731-B364-4BED-BBEA-0D9B19B24BE1}.Debug|Any CPU.ActiveCfg = Debug|Any CPU
		{1047B731-B364-4BED-BBEA-0D9B19B24BE1}.Debug|Any CPU.Build.0 = Debug|Any CPU
		{1047B731-B364-4BED-BBEA-0D9B19B24BE1}.Release|Any CPU.ActiveCfg = Release|Any CPU
		{1047B731-B364-4BED-BBEA-0D9B19B24BE1}.Release|Any CPU.Build.0 = Release|Any CPU
	EndGlobalSection
	GlobalSection(SolutionProperties) = preSolution
		HideSolutionNode = FALSE
	EndGlobalSection
	GlobalSection(ExtensibilityGlobals) = postSolution
		SolutionGuid = {83444D5B-75EF-4666-8A8F-94DE3C354C49}
	EndGlobalSection
EndGlobal
